// !$*UTF8*$!
{
	archiveVersion = 1;
	classes = {
	};
	objectVersion = 110;
	objects = {

/* Begin PBXBuildFile section */
		AA00000000000000000000D5 /* Design in Frameworks */ = {isa = PBXBuildFile; productRef = AA00000000000000000000D3 /* Design */; };
		AA00000000000000000000D6 /* Onboarding in Frameworks */ = {isa = PBXBuildFile; productRef = AA00000000000000000000D4 /* Onboarding */; };
/* End PBXBuildFile section */

/* Begin PBXContainerItemProxy section */
		21F13905306DD1B000DCCF15 /* PBXContainerItemProxy */ = {
			isa = PBXContainerItemProxy;
			containerPortal = 21F138ED306DD1AF00DCCF15 /* Project object */;
			proxyType = 1;
			remoteGlobalIDString = 21F138F4306DD1AF00DCCF15;
			remoteInfo = Levela;
		};
		21F1390F306DD1B000DCCF15 /* PBXContainerItemProxy */ = {
			isa = PBXContainerItemProxy;
			containerPortal = 21F138ED306DD1AF00DCCF15 /* Project object */;
			proxyType = 1;
			remoteGlobalIDString = 21F138F4306DD1AF00DCCF15;
			remoteInfo = Levela;
		};
/* End PBXContainerItemProxy section */

/* Begin PBXFileReference section */
		21F138F5306DD1AF00DCCF15 /* Levela.app */ = {isa = PBXFileReference; explicitFileType = wrapper.application; includeInIndex = 0; path = Levela.app; sourceTree = BUILT_PRODUCTS_DIR; };
		21F13904306DD1B000DCCF15 /* LevelaTests.xctest */ = {isa = PBXFileReference; explicitFileType = wrapper.cfbundle; includeInIndex = 0; path = LevelaTests.xctest; sourceTree = BUILT_PRODUCTS_DIR; };
		21F1390E306DD1B000DCCF15 /* LevelaUITests.xctest */ = {isa = PBXFileReference; explicitFileType = wrapper.cfbundle; includeInIndex = 0; path = LevelaUITests.xctest; sourceTree = BUILT_PRODUCTS_DIR; };
/* End PBXFileReference section */

/* Begin PBXFileSystemSynchronizedRootGroup section */
		21F138F7306DD1AF00DCCF15 /* Levela */ = {
			isa = PBXFileSystemSynchronizedRootGroup;
			path = Levela;
			sourceTree = "<group>";
		};
		21F13907306DD1B000DCCF15 /* LevelaTests */ = {
			isa = PBXFileSystemSynchronizedRootGroup;
			path = LevelaTests;
			sourceTree = "<group>";
		};
		21F13911306DD1B000DCCF15 /* LevelaUITests */ = {
			isa = PBXFileSystemSynchronizedRootGroup;
			path = LevelaUITests;
			sourceTree = "<group>";
		};
/* End PBXFileSystemSynchronizedRootGroup section */

/* Begin PBXFrameworksBuildPhase section */
		21F138F2306DD1AF00DCCF15 /* Frameworks */ = {
			isa = PBXFrameworksBuildPhase;
			files = (
				AA00000000000000000000D5 /* Design in Frameworks */,
				AA00000000000000000000D6 /* Onboarding in Frameworks */,
			);
		};
		21F13901306DD1B000DCCF15 /* Frameworks */ = {
			isa = PBXFrameworksBuildPhase;
			files = (
			);
		};
		21F1390B306DD1B000DCCF15 /* Frameworks */ = {
			isa = PBXFrameworksBuildPhase;
			files = (
			);
		};
/* End PBXFrameworksBuildPhase section */

/* Begin PBXGroup section */
		21F138EC306DD1AF00DCCF15 = {
			isa = PBXGroup;
			children = (
				21F138F7306DD1AF00DCCF15 /* Levela */,
				21F13907306DD1B000DCCF15 /* LevelaTests */,
				21F13911306DD1B000DCCF15 /* LevelaUITests */,
				21F138F6306DD1AF00DCCF15 /* Products */,
			);
			sourceTree = "<group>";
		};
		21F138F6306DD1AF00DCCF15 /* Products */ = {
			isa = PBXGroup;
			children = (
				21F138F5306DD1AF00DCCF15 /* Levela.app */,
				21F13904306DD1B000DCCF15 /* LevelaTests.xctest */,
				21F1390E306DD1B000DCCF15 /* LevelaUITests.xctest */,
			);
			name = Products;
			sourceTree = "<group>";
		};
/* End PBXGroup section */

/* Begin PBXNativeTarget section */
		21F138F4306DD1AF00DCCF15 /* Levela */ = {
			isa = PBXNativeTarget;
			buildConfigurationList = 21F13916306DD1B000DCCF15 /* Build configuration list for PBXNativeTarget "Levela" */;
			buildPhases = (
				21F138F1306DD1AF00DCCF15 /* Sources */,
				21F138F2306DD1AF00DCCF15 /* Frameworks */,
				21F138F3306DD1AF00DCCF15 /* Resources */,
			);
			buildRules = (
			);
			fileSystemSynchronizedGroups = (
				21F138F7306DD1AF00DCCF15 /* Levela */,
			);
			name = Levela;
			packageProductDependencies = (
				AA00000000000000000000D3 /* Design */,
				AA00000000000000000000D4 /* Onboarding */,
			);
			productName = Levela;
			productReference = 21F138F5306DD1AF00DCCF15 /* Levela.app */;
			productType = "com.apple.product-type.application";
		};
		21F13903306DD1B000DCCF15 /* LevelaTests */ = {
			isa = PBXNativeTarget;
			buildConfigurationList = 21F13919306DD1B000DCCF15 /* Build configuration list for PBXNativeTarget "LevelaTests" */;
			buildPhases = (
				21F13900306DD1B000DCCF15 /* Sources */,
				21F13901306DD1B000DCCF15 /* Frameworks */,
				21F13902306DD1B000DCCF15 /* Resources */,
			);
			buildRules = (
			);
			dependencies = (
				21F13906306DD1B000DCCF15 /* PBXTargetDependency */,
			);
			fileSystemSynchronizedGroups = (
				21F13907306DD1B000DCCF15 /* LevelaTests */,
			);
			name = LevelaTests;
			productName = LevelaTests;
			productReference = 21F13904306DD1B000DCCF15 /* LevelaTests.xctest */;
			productType = "com.apple.product-type.bundle.unit-test";
		};
		21F1390D306DD1B000DCCF15 /* LevelaUITests */ = {
			isa = PBXNativeTarget;
			buildConfigurationList = 21F1391C306DD1B000DCCF15 /* Build configuration list for PBXNativeTarget "LevelaUITests" */;
			buildPhases = (
				21F1390A306DD1B000DCCF15 /* Sources */,
				21F1390B306DD1B000DCCF15 /* Frameworks */,
				21F1390C306DD1B000DCCF15 /* Resources */,
			);
			buildRules = (
			);
			dependencies = (
				21F13910306DD1B000DCCF15 /* PBXTargetDependency */,
			);
			fileSystemSynchronizedGroups = (
				21F13911306DD1B000DCCF15 /* LevelaUITests */,
			);
			name = LevelaUITests;
			productName = LevelaUITests;
			productReference = 21F1390E306DD1B000DCCF15 /* LevelaUITests.xctest */;
			productType = "com.apple.product-type.bundle.ui-testing";
		};
/* End PBXNativeTarget section */

/* Begin PBXProject section */
		21F138ED306DD1AF00DCCF15 /* Project object */ = {
			isa = PBXProject;
			attributes = {
				BuildIndependentTargetsInParallel = 1;
				LastSwiftUpdateCheck = 2700;
				LastUpgradeCheck = 2700;
				TargetAttributes = {
					21F138F4306DD1AF00DCCF15 = {
						CreatedOnToolsVersion = 27.0;
					};
					21F13903306DD1B000DCCF15 = {
						CreatedOnToolsVersion = 27.0;
						TestTargetID = 21F138F4306DD1AF00DCCF15;
					};
					21F1390D306DD1B000DCCF15 = {
						CreatedOnToolsVersion = 27.0;
						TestTargetID = 21F138F4306DD1AF00DCCF15;
					};
				};
			};
			buildConfigurationList = 21F138F0306DD1AF00DCCF15 /* Build configuration list for PBXProject "Levela" */;
			developmentRegion = en;
			hasScannedForEncodings = 0;
			knownRegions = (
				en,
				Base,
			);
			mainGroup = 21F138EC306DD1AF00DCCF15;
			minimizedProjectReferenceProxies = 1;
			packageReferences = (
				AA00000000000000000000D1 /* XCLocalSwiftPackageReference "Packages/Design" */,
				AA00000000000000000000D2 /* XCLocalSwiftPackageReference "Packages/Onboarding" */,
			);
			preferredProjectObjectVersion = 77;
			productRefGroup = 21F138F6306DD1AF00DCCF15 /* Products */;
			projectDirPath = "";
			projectRoot = "";
			targets = (
				21F138F4306DD1AF00DCCF15 /* Levela */,
				21F13903306DD1B000DCCF15 /* LevelaTests */,
				21F1390D306DD1B000DCCF15 /* LevelaUITests */,
			);
		};
/* End PBXProject section */

/* Begin PBXResourcesBuildPhase section */
		21F138F3306DD1AF00DCCF15 /* Resources */ = {
			isa = PBXResourcesBuildPhase;
			files = (
			);
		};
		21F13902306DD1B000DCCF15 /* Resources */ = {
			isa = PBXResourcesBuildPhase;
			files = (
			);
		};
		21F1390C306DD1B000DCCF15 /* Resources */ = {
			isa = PBXResourcesBuildPhase;
			files = (
			);
		};
/* End PBXResourcesBuildPhase section */

/* Begin PBXSourcesBuildPhase section */
		21F138F1306DD1AF00DCCF15 /* Sources */ = {
			isa = PBXSourcesBuildPhase;
			files = (
			);
		};
		21F13900306DD1B000DCCF15 /* Sources */ = {
			isa = PBXSourcesBuildPhase;
			files = (
			);
		};
		21F1390A306DD1B000DCCF15 /* Sources */ = {
			isa = PBXSourcesBuildPhase;
			files = (
			);
		};
/* End PBXSourcesBuildPhase section */

/* Begin PBXTargetDependency section */
		21F13906306DD1B000DCCF15 /* PBXTargetDependency */ = {
			isa = PBXTargetDependency;
			target = 21F138F4306DD1AF00DCCF15 /* Levela */;
			targetProxy = 21F13905306DD1B000DCCF15 /* PBXContainerItemProxy */;
		};
		21F13910306DD1B000DCCF15 /* PBXTargetDependency */ = {
			isa = PBXTargetDependency;
			target = 21F138F4306DD1AF00DCCF15 /* Levela */;
			targetProxy = 21F1390F306DD1B000DCCF15 /* PBXContainerItemProxy */;
		};
/* End PBXTargetDependency section */

/* Begin XCBuildConfiguration section */
		21F13914306DD1B000DCCF15 /* Debug configuration for PBXProject "Levela" */ = {
			isa = XCBuildConfiguration;
			buildSettings = {
				ALWAYS_SEARCH_USER_PATHS = NO;
				ASSETCATALOG_COMPILER_GENERATE_SWIFT_ASSET_SYMBOL_EXTENSIONS = YES;
				CLANG_ANALYZER_NONNULL = YES;
				CLANG_ANALYZER_NUMBER_OBJECT_CONVERSION = YES_AGGRESSIVE;
				CLANG_CXX_LANGUAGE_STANDARD = "gnu++20";
				CLANG_ENABLE_MODULES = YES;
				CLANG_ENABLE_OBJC_ARC = YES;
				CLANG_ENABLE_OBJC_WEAK = YES;
				CLANG_WARN_BLOCK_CAPTURE_AUTORELEASING = YES;
				CLANG_WARN_BOOL_CONVERSION = YES;
				CLANG_WARN_COMMA = YES;
				CLANG_WARN_CONSTANT_CONVERSION = YES;
				CLANG_WARN_DEPRECATED_OBJC_IMPLEMENTATIONS = YES;
				CLANG_WARN_DIRECT_OBJC_ISA_USAGE = YES_ERROR;
				CLANG_WARN_DOCUMENTATION_COMMENTS = YES;
				CLANG_WARN_EMPTY_BODY = YES;
				CLANG_WARN_ENUM_CONVERSION = YES;
				CLANG_WARN_INFINITE_RECURSION = YES;
				CLANG_WARN_INT_CONVERSION = YES;
				CLANG_WARN_NON_LITERAL_NULL_CONVERSION = YES;
				CLANG_WARN_OBJC_IMPLICIT_RETAIN_SELF = YES;
				CLANG_WARN_OBJC_LITERAL_CONVERSION = YES;
				CLANG_WARN_OBJC_ROOT_CLASS = YES_ERROR;
				CLANG_WARN_QUOTED_INCLUDE_IN_FRAMEWORK_HEADER = YES;
				CLANG_WARN_RANGE_LOOP_ANALYSIS = YES;
				CLANG_WARN_STRICT_PROTOTYPES = YES;
				CLANG_WARN_SUSPICIOUS_MOVE = YES;
				CLANG_WARN_UNGUARDED_AVAILABILITY = YES_AGGRESSIVE;
				CLANG_WARN_UNREACHABLE_CODE = YES;
				CLANG_WARN__DUPLICATE_METHOD_MATCH = YES;
				COPY_PHASE_STRIP = NO;
				DEBUG_INFORMATION_FORMAT = dwarf;
				DEVELOPMENT_TEAM = Y56R63B7F6;
				ENABLE_STRICT_OBJC_MSGSEND = YES;
				ENABLE_TESTABILITY = YES;
				ENABLE_USER_SCRIPT_SANDBOXING = YES;
				GCC_C_LANGUAGE_STANDARD = gnu17;
				GCC_DYNAMIC_NO_PIC = NO;
				GCC_NO_COMMON_BLOCKS = YES;
				GCC_OPTIMIZATION_LEVEL = 0;
				GCC_PREPROCESSOR_DEFINITIONS = (
					"DEBUG=1",
					"$(inherited)",
				);
				GCC_WARN_64_TO_32_BIT_CONVERSION = YES;
				GCC_WARN_ABOUT_RETURN_TYPE = YES_ERROR;
				GCC_WARN_UNDECLARED_SELECTOR = YES;
				GCC_WARN_UNINITIALIZED_AUTOS = YES_AGGRESSIVE;
				GCC_WARN_UNUSED_FUNCTION = YES;
				GCC_WARN_UNUSED_VARIABLE = YES;
				IPHONEOS_DEPLOYMENT_TARGET = 18.0;
				LOCALIZATION_PREFERS_STRING_CATALOGS = YES;
				MTL_ENABLE_DEBUG_INFO = INCLUDE_SOURCE;
				MTL_FAST_MATH = YES;
				ONLY_ACTIVE_ARCH = YES;
				SDKROOT = iphoneos;
				SWIFT_ACTIVE_COMPILATION_CONDITIONS = "DEBUG $(inherited)";
				SWIFT_OPTIMIZATION_LEVEL = "-Onone";
			};
			name = Debug;
		};
		21F13915306DD1B000DCCF15 /* Release configuration for PBXProject "Levela" */ = {
			isa = XCBuildConfiguration;
			buildSettings = {
				ALWAYS_SEARCH_USER_PATHS = NO;
				ASSETCATALOG_COMPILER_GENERATE_SWIFT_ASSET_SYMBOL_EXTENSIONS = YES;
				CLANG_ANALYZER_NONNULL = YES;
				CLANG_ANALYZER_NUMBER_OBJECT_CONVERSION = YES_AGGRESSIVE;
				CLANG_CXX_LANGUAGE_STANDARD = "gnu++20";
				CLANG_ENABLE_MODULES = YES;
				CLANG_ENABLE_OBJC_ARC = YES;
				CLANG_ENABLE_OBJC_WEAK = YES;
				CLANG_WARN_BLOCK_CAPTURE_AUTORELEASING = YES;
				CLANG_WARN_BOOL_CONVERSION = YES;
				CLANG_WARN_COMMA = YES;
				CLANG_WARN_CONSTANT_CONVERSION = YES;
				CLANG_WARN_DEPRECATED_OBJC_IMPLEMENTATIONS = YES;
				CLANG_WARN_DIRECT_OBJC_ISA_USAGE = YES_ERROR;
				CLANG_WARN_DOCUMENTATION_COMMENTS = YES;
				CLANG_WARN_EMPTY_BODY = YES;
				CLANG_WARN_ENUM_CONVERSION = YES;
				CLANG_WARN_INFINITE_RECURSION = YES;
				CLANG_WARN_INT_CONVERSION = YES;
				CLANG_WARN_NON_LITERAL_NULL_CONVERSION = YES;
				CLANG_WARN_OBJC_IMPLICIT_RETAIN_SELF = YES;
				CLANG_WARN_OBJC_LITERAL_CONVERSION = YES;
				CLANG_WARN_OBJC_ROOT_CLASS = YES_ERROR;
				CLANG_WARN_QUOTED_INCLUDE_IN_FRAMEWORK_HEADER = YES;
				CLANG_WARN_RANGE_LOOP_ANALYSIS = YES;
				CLANG_WARN_STRICT_PROTOTYPES = YES;
				CLANG_WARN_SUSPICIOUS_MOVE = YES;
				CLANG_WARN_UNGUARDED_AVAILABILITY = YES_AGGRESSIVE;
				CLANG_WARN_UNREACHABLE_CODE = YES;
				CLANG_WARN__DUPLICATE_METHOD_MATCH = YES;
				COPY_PHASE_STRIP = NO;
				DEBUG_INFORMATION_FORMAT = "dwarf-with-dsym";
				DEVELOPMENT_TEAM = Y56R63B7F6;
				ENABLE_NS_ASSERTIONS = NO;
				ENABLE_STRICT_OBJC_MSGSEND = YES;
				ENABLE_USER_SCRIPT_SANDBOXING = YES;
				GCC_C_LANGUAGE_STANDARD = gnu17;
				GCC_NO_COMMON_BLOCKS = YES;
				GCC_WARN_64_TO_32_BIT_CONVERSION = YES;
				GCC_WARN_ABOUT_RETURN_TYPE = YES_ERROR;
				GCC_WARN_UNDECLARED_SELECTOR = YES;
				GCC_WARN_UNINITIALIZED_AUTOS = YES_AGGRESSIVE;
				GCC_WARN_UNUSED_FUNCTION = YES;
				GCC_WARN_UNUSED_VARIABLE = YES;
				IPHONEOS_DEPLOYMENT_TARGET = 18.0;
				LOCALIZATION_PREFERS_STRING_CATALOGS = YES;
				MTL_ENABLE_DEBUG_INFO = NO;
				MTL_FAST_MATH = YES;
				SDKROOT = iphoneos;
				SWIFT_COMPILATION_MODE = wholemodule;
				VALIDATE_PRODUCT = YES;
			};
			name = Release;
		};
		21F13917306DD1B000DCCF15 /* Debug configuration for PBXNativeTarget "Levela" */ = {
			isa = XCBuildConfiguration;
			buildSettings = {
				ASSETCATALOG_COMPILER_APPICON_NAME = AppIcon;
				ASSETCATALOG_COMPILER_GLOBAL_ACCENT_COLOR_NAME = AccentColor;
				CODE_SIGN_STYLE = Automatic;
				CURRENT_PROJECT_VERSION = 1;
				DEVELOPMENT_TEAM = Y56R63B7F6;
				ENABLE_PREVIEWS = YES;
				GENERATE_INFOPLIST_FILE = YES;
				INFOPLIST_KEY_UIApplicationSceneManifest_Generation = YES;
				INFOPLIST_KEY_UIApplicationSupportsIndirectInputEvents = YES;
				INFOPLIST_KEY_UILaunchScreen_Generation = YES;
				INFOPLIST_KEY_UISupportedInterfaceOrientations_iPad = "UIInterfaceOrientationPortrait UIInterfaceOrientationPortraitUpsideDown UIInterfaceOrientationLandscapeLeft UIInterfaceOrientationLandscapeRight";
				INFOPLIST_KEY_UISupportedInterfaceOrientations_iPhone = "UIInterfaceOrientationPortrait UIInterfaceOrientationLandscapeLeft UIInterfaceOrientationLandscapeRight";
				LD_RUNPATH_SEARCH_PATHS = (
					"$(inherited)",
					"@executable_path/Frameworks",
				);
				MARKETING_VERSION = 1.0;
				PRODUCT_BUNDLE_IDENTIFIER = com.yuzutaru.levela;
				PRODUCT_NAME = "$(TARGET_NAME)";
				STRING_CATALOG_GENERATE_SYMBOLS = YES;
				SWIFT_APPROACHABLE_CONCURRENCY = YES;
				SWIFT_DEFAULT_ACTOR_ISOLATION = MainActor;
				SWIFT_EMIT_LOC_STRINGS = YES;
				SWIFT_UPCOMING_FEATURE_MEMBER_IMPORT_VISIBILITY = YES;
				SWIFT_VERSION = 5.0;
				TARGETED_DEVICE_FAMILY = "1,2";
			};
			name = Debug;
		};
		21F13918306DD1B000DCCF15 /* Release configuration for PBXNativeTarget "Levela" */ = {
			isa = XCBuildConfiguration;
			buildSettings = {
				ASSETCATALOG_COMPILER_APPICON_NAME = AppIcon;
				ASSETCATALOG_COMPILER_GLOBAL_ACCENT_COLOR_NAME = AccentColor;
				CODE_SIGN_STYLE = Automatic;
				CURRENT_PROJECT_VERSION = 1;
				DEVELOPMENT_TEAM = Y56R63B7F6;
				ENABLE_PREVIEWS = YES;
				GENERATE_INFOPLIST_FILE = YES;
				INFOPLIST_KEY_UIApplicationSceneManifest_Generation = YES;
				INFOPLIST_KEY_UIApplicationSupportsIndirectInputEvents = YES;
				INFOPLIST_KEY_UILaunchScreen_Generation = YES;
				INFOPLIST_KEY_UISupportedInterfaceOrientations_iPad = "UIInterfaceOrientationPortrait UIInterfaceOrientationPortraitUpsideDown UIInterfaceOrientationLandscapeLeft UIInterfaceOrientationLandscapeRight";
				INFOPLIST_KEY_UISupportedInterfaceOrientations_iPhone = "UIInterfaceOrientationPortrait UIInterfaceOrientationLandscapeLeft UIInterfaceOrientationLandscapeRight";
				LD_RUNPATH_SEARCH_PATHS = (
					"$(inherited)",
					"@executable_path/Frameworks",
				);
				MARKETING_VERSION = 1.0;
				PRODUCT_BUNDLE_IDENTIFIER = com.yuzutaru.levela;
				PRODUCT_NAME = "$(TARGET_NAME)";
				STRING_CATALOG_GENERATE_SYMBOLS = YES;
				SWIFT_APPROACHABLE_CONCURRENCY = YES;
				SWIFT_DEFAULT_ACTOR_ISOLATION = MainActor;
				SWIFT_EMIT_LOC_STRINGS = YES;
				SWIFT_UPCOMING_FEATURE_MEMBER_IMPORT_VISIBILITY = YES;
				SWIFT_VERSION = 5.0;
				TARGETED_DEVICE_FAMILY = "1,2";
			};
			name = Release;
		};
		21F1391A306DD1B000DCCF15 /* Debug configuration for PBXNativeTarget "LevelaTests" */ = {
			isa = XCBuildConfiguration;
			buildSettings = {
				BUNDLE_LOADER = "$(TEST_HOST)";
				CODE_SIGN_STYLE = Automatic;
				CURRENT_PROJECT_VERSION = 1;
				DEVELOPMENT_TEAM = Y56R63B7F6;
				GENERATE_INFOPLIST_FILE = YES;
				IPHONEOS_DEPLOYMENT_TARGET = 18.0;
				MARKETING_VERSION = 1.0;
				PRODUCT_BUNDLE_IDENTIFIER = com.yuzutaru.levelaTests;
				PRODUCT_NAME = "$(TARGET_NAME)";
				STRING_CATALOG_GENERATE_SYMBOLS = NO;
				SWIFT_APPROACHABLE_CONCURRENCY = YES;
				SWIFT_EMIT_LOC_STRINGS = NO;
				SWIFT_UPCOMING_FEATURE_MEMBER_IMPORT_VISIBILITY = YES;
				SWIFT_VERSION = 5.0;
				TARGETED_DEVICE_FAMILY = "1,2";
				TEST_HOST = "$(BUILT_PRODUCTS_DIR)/Levela.app/$(BUNDLE_EXECUTABLE_FOLDER_PATH)/Levela";
			};
			name = Debug;
		};
		21F1391B306DD1B000DCCF15 /* Release configuration for PBXNativeTarget "LevelaTests" */ = {
			isa = XCBuildConfiguration;
			buildSettings = {
				BUNDLE_LOADER = "$(TEST_HOST)";
				CODE_SIGN_STYLE = Automatic;
				CURRENT_PROJECT_VERSION = 1;
				DEVELOPMENT_TEAM = Y56R63B7F6;
				GENERATE_INFOPLIST_FILE = YES;
				IPHONEOS_DEPLOYMENT_TARGET = 18.0;
				MARKETING_VERSION = 1.0;
				PRODUCT_BUNDLE_IDENTIFIER = com.yuzutaru.levelaTests;
				PRODUCT_NAME = "$(TARGET_NAME)";
				STRING_CATALOG_GENERATE_SYMBOLS = NO;
				SWIFT_APPROACHABLE_CONCURRENCY = YES;
				SWIFT_EMIT_LOC_STRINGS = NO;
				SWIFT_UPCOMING_FEATURE_MEMBER_IMPORT_VISIBILITY = YES;
				SWIFT_VERSION = 5.0;
				TARGETED_DEVICE_FAMILY = "1,2";
				TEST_HOST = "$(BUILT_PRODUCTS_DIR)/Levela.app/$(BUNDLE_EXECUTABLE_FOLDER_PATH)/Levela";
			};
			name = Release;
		};
		21F1391D306DD1B000DCCF15 /* Debug configuration for PBXNativeTarget "LevelaUITests" */ = {
			isa = XCBuildConfiguration;
			buildSettings = {
				CODE_SIGN_STYLE = Automatic;
				CURRENT_PROJECT_VERSION = 1;
				DEVELOPMENT_TEAM = Y56R63B7F6;
				GENERATE_INFOPLIST_FILE = YES;
				MARKETING_VERSION = 1.0;
				PRODUCT_BUNDLE_IDENTIFIER = com.yuzutaru.levelaUITests;
				PRODUCT_NAME = "$(TARGET_NAME)";
				STRING_CATALOG_GENERATE_SYMBOLS = NO;
				SWIFT_APPROACHABLE_CONCURRENCY = YES;
				SWIFT_EMIT_LOC_STRINGS = NO;
				SWIFT_UPCOMING_FEATURE_MEMBER_IMPORT_VISIBILITY = YES;
				SWIFT_VERSION = 5.0;
				TARGETED_DEVICE_FAMILY = "1,2";
				TEST_TARGET_NAME = Levela;
			};
			name = Debug;
		};
		21F1391E306DD1B000DCCF15 /* Release configuration for PBXNativeTarget "LevelaUITests" */ = {
			isa = XCBuildConfiguration;
			buildSettings = {
				CODE_SIGN_STYLE = Automatic;
				CURRENT_PROJECT_VERSION = 1;
				DEVELOPMENT_TEAM = Y56R63B7F6;
				GENERATE_INFOPLIST_FILE = YES;
				MARKETING_VERSION = 1.0;
				PRODUCT_BUNDLE_IDENTIFIER = com.yuzutaru.levelaUITests;
				PRODUCT_NAME = "$(TARGET_NAME)";
				STRING_CATALOG_GENERATE_SYMBOLS = NO;
				SWIFT_APPROACHABLE_CONCURRENCY = YES;
				SWIFT_EMIT_LOC_STRINGS = NO;
				SWIFT_UPCOMING_FEATURE_MEMBER_IMPORT_VISIBILITY = YES;
				SWIFT_VERSION = 5.0;
				TARGETED_DEVICE_FAMILY = "1,2";
				TEST_TARGET_NAME = Levela;
			};
			name = Release;
		};
/* End XCBuildConfiguration section */

/* Begin XCConfigurationList section */
		21F138F0306DD1AF00DCCF15 /* Build configuration list for PBXProject "Levela" */ = {
			isa = XCConfigurationList;
			buildConfigurations = (
				21F13914306DD1B000DCCF15 /* Debug configuration for PBXProject "Levela" */,
				21F13915306DD1B000DCCF15 /* Release configuration for PBXProject "Levela" */,
			);
			defaultConfigurationName = Release;
		};
		21F13916306DD1B000DCCF15 /* Build configuration list for PBXNativeTarget "Levela" */ = {
			isa = XCConfigurationList;
			buildConfigurations = (
				21F13917306DD1B000DCCF15 /* Debug configuration for PBXNativeTarget "Levela" */,
				21F13918306DD1B000DCCF15 /* Release configuration for PBXNativeTarget "Levela" */,
			);
			defaultConfigurationName = Release;
		};
		21F13919306DD1B000DCCF15 /* Build configuration list for PBXNativeTarget "LevelaTests" */ = {
			isa = XCConfigurationList;
			buildConfigurations = (
				21F1391A306DD1B000DCCF15 /* Debug configuration for PBXNativeTarget "LevelaTests" */,
				21F1391B306DD1B000DCCF15 /* Release configuration for PBXNativeTarget "LevelaTests" */,
			);
			defaultConfigurationName = Release;
		};
		21F1391C306DD1B000DCCF15 /* Build configuration list for PBXNativeTarget "LevelaUITests" */ = {
			isa = XCConfigurationList;
			buildConfigurations = (
				21F1391D306DD1B000DCCF15 /* Debug configuration for PBXNativeTarget "LevelaUITests" */,
				21F1391E306DD1B000DCCF15 /* Release configuration for PBXNativeTarget "LevelaUITests" */,
			);
			defaultConfigurationName = Release;
		};
/* End XCConfigurationList section */

/* Begin XCLocalSwiftPackageReference section */
		AA00000000000000000000D1 /* XCLocalSwiftPackageReference "Packages/Design" */ = {
			isa = XCLocalSwiftPackageReference;
			relativePath = Packages/Design;
		};
		AA00000000000000000000D2 /* XCLocalSwiftPackageReference "Packages/Onboarding" */ = {
			isa = XCLocalSwiftPackageReference;
			relativePath = Packages/Onboarding;
		};
/* End XCLocalSwiftPackageReference section */

/* Begin XCSwiftPackageProductDependency section */
		AA00000000000000000000D3 /* Design */ = {
			isa = XCSwiftPackageProductDependency;
			productName = Design;
		};
		AA00000000000000000000D4 /* Onboarding */ = {
			isa = XCSwiftPackageProductDependency;
			productName = Onboarding;
		};
/* End XCSwiftPackageProductDependency section */
	};
	rootObject = 21F138ED306DD1AF00DCCF15 /* Project object */;
	validationLevel = 1;
}
